
Microsoft Visual Studio Solution File, Format Version 12.00
# Visual Studio Version 17
VisualStudioVersion = 17.11.35208.52
MinimumVisualStudioVersion = 10.0.40219.1
Project("{FAE04EC0-301F-11D3-BF4B-00C04F79EFBC}") = "Domain", "Domain\Domain.csproj", "{890FF0AC-EEDD-4F52-AF3F-A42A2839B358}"
EndProject
Project("{FAE04EC0-301F-11D3-BF4B-00C04F79EFBC}") = "AnimalAPI", "AnimalAPI\AnimalAPI.csproj", "{D737D9DB-ABB0-4140-AC16-0858D2414E65}"
EndProject
Project("{FAE04EC0-301F-11D3-BF4B-00C04F79EFBC}") = "ConsoleAnimal", "ConsoleAnimal\ConsoleAnimal.csproj", "{D416BB68-BBC7-4BED-9602-BB4C31C81982}"
EndProject
Global
	GlobalSection(SolutionConfigurationPlatforms) = preSolution
		Debug|Any CPU = Debug|Any CPU
		Release|Any CPU = Release|Any CPU
	EndGlobalSection
	GlobalSection(ProjectConfigurationPlatforms) = postSolution
		{890FF0AC-EEDD-4F52-AF3F-A42A2839B358}.Debug|Any CPU.ActiveCfg = Debug|Any CPU
		{890FF0AC-EEDD-4F52-AF3F-A42A2839B358}.Debug|Any CPU.Build.0 = Debug|Any CPU
		{890FF0AC-EEDD-4F52-AF3F-A42A2839B358}.Release|Any CPU.ActiveCfg = Release|Any CPU
		{890FF0AC-EEDD-4F52-AF3F-A42A2839B358}.Release|Any CPU.Build.0 = Release|Any CPU
		{D737D9DB-ABB0-4140-AC16-0858D2414E65}.Debug|Any CPU.ActiveCfg = Debug|Any CPU
		{D737D9DB-ABB0-4140-AC16-0858D2414E65}.Debug|Any CPU.Build.0 = Debug|Any CPU
		{D737D9DB-ABB0-4140-AC16-0858D2414E65}.Release|Any CPU.ActiveCfg = Release|Any CPU
		{D737D9DB-ABB0-4140-AC16-0858D2414E65}.Release|Any CPU.Build.0 = Release|Any CPU
		{D416BB68-BBC7-4BED-9602-BB4C31C81982}.Debug|Any CPU.ActiveCfg = Debug|Any CPU
		{D416BB68-BBC7-4BED-9602-BB4C31C81982}.Debug|Any CPU.Build.0 = Debug|Any CPU
		{D416BB68-BBC7-4BED-9602-BB4C31C81982}.Release|Any CPU.ActiveCfg = Release|Any CPU
		{D416BB68-BBC7-4BED-9602-BB4C31C81982}.Release|Any CPU.Build.0 = Release|Any CPU
	EndGlobalSection
	GlobalSection(SolutionProperties) = preSolution
		HideSolutionNode = FALSE
	EndGlobalSection
	GlobalSection(ExtensibilityGlobals) = postSolution
		SolutionGuid = {DBD27D4E-05AC-47A0-AAAA-16FCCBFC69CE}
	EndGlobalSection
EndGlobal
